
Microsoft Visual Studio Solution File, Format Version 12.00
# Visual Studio Version 17
VisualStudioVersion = 17.0.31903.59
MinimumVisualStudioVersion = 10.0.40219.1
Project("{FAE04EC0-301F-11D3-BF4B-00C04F79EFBC}") = "PulseBoard.Presentation", "PulseBoard.Presentation\PulseBoard.Presentation.csproj", "{AB26DCD6-A93D-40B1-924D-7837AF244767}"
EndProject
Project("{FAE04EC0-301F-11D3-BF4B-00C04F79EFBC}") = "PulseBoard.Application", "PulseBoard.Application\PulseBoard.Application.csproj", "{ACF226BD-7575-4181-BCD2-777D017AC54C}"
EndProject
Project("{FAE04EC0-301F-11D3-BF4B-00C04F79EFBC}") = "PulseBoard.Services", "PulseBoard.Services\PulseBoard.Services.csproj", "{C9FB63FB-9881-42B2-AEED-1D867D176969}"
EndProject
Global
	GlobalSection(SolutionConfigurationPlatforms) = preSolution
		Debug|Any CPU = Debug|Any CPU
		Debug|x64 = Debug|x64
		Debug|x86 = Debug|x86
		Release|Any CPU = Release|Any CPU
		Release|x64 = Release|x64
		Release|x86 = Release|x86
	EndGlobalSection
	GlobalSection(ProjectConfigurationPlatforms) = postSolution
		{AB26DCD6-A93D-40B1-924D-7837AF244767}.Debug|Any CPU.ActiveCfg = Debug|Any CPU
		{AB26DCD6-A93D-40B1-924D-7837AF244767}.Debug|Any CPU.Build.0 = Debug|Any CPU
		{AB26DCD6-A93D-40B1-924D-7837AF244767}.Debug|x64.ActiveCfg = Debug|Any CPU
		{AB26DCD6-A93D-40B1-924D-7837AF244767}.Debug|x64.Build.0 = Debug|Any CPU
		{AB26DCD6-A93D-40B1-924D-7837AF244767}.Debug|x86.ActiveCfg = Debug|Any CPU
		{AB26DCD6-A93D-40B1-924D-7837AF244767}.Debug|x86.Build.0 = Debug|Any CPU
		{AB26DCD6-A93D-40B1-924D-7837AF244767}.Release|Any CPU.ActiveCfg = Release|Any CPU
		{AB26DCD6-A93D-40B1-924D-7837AF244767}.Release|Any CPU.Build.0 = Release|Any CPU
		{AB26DCD6-A93D-40B1-924D-7837AF244767}.Release|x64.ActiveCfg = Release|Any CPU
		{AB26DCD6-A93D-40B1-924D-7837AF244767}.Release|x64.Build.0 = Release|Any CPU
		{AB26DCD6-A93D-40B1-924D-7837AF244767}.Release|x86.ActiveCfg = Release|Any CPU
		{AB26DCD6-A93D-40B1-924D-7837AF244767}.Release|x86.Build.0 = Release|Any CPU
		{ACF226BD-7575-4181-BCD2-777D017AC54C}.Debug|Any CPU.ActiveCfg = Debug|Any CPU
		{ACF226BD-7575-4181-BCD2-777D017AC54C}.Debug|Any CPU.Build.0 = Debug|Any CPU
		{ACF226BD-7575-4181-BCD2-777D017AC54C}.Debug|x64.ActiveCfg = Debug|Any CPU
		{ACF226BD-7575-4181-BCD2-777D017AC54C}.Debug|x64.Build.0 = Debug|Any CPU
		{ACF226BD-7575-4181-BCD2-777D017AC54C}.Debug|x86.ActiveCfg = Debug|Any CPU
		{ACF226BD-7575-4181-BCD2-777D017AC54C}.Debug|x86.Build.0 = Debug|Any CPU
		{ACF226BD-7575-4181-BCD2-777D017AC54C}.Release|Any CPU.ActiveCfg = Release|Any CPU
		{ACF226BD-7575-4181-BCD2-777D017AC54C}.Release|Any CPU.Build.0 = Release|Any CPU
		{ACF226BD-7575-4181-BCD2-777D017AC54C}.Release|x64.ActiveCfg = Release|Any CPU
		{ACF226BD-7575-4181-BCD2-777D017AC54C}.Release|x64.Build.0 = Release|Any CPU
		{ACF226BD-7575-4181-BCD2-777D017AC54C}.Release|x86.ActiveCfg = Release|Any CPU
		{ACF226BD-7575-4181-BCD2-777D017AC54C}.Release|x86.Build.0 = Release|Any CPU
		{C9FB63FB-9881-42B2-AEED-1D867D176969}.Debug|Any CPU.ActiveCfg = Debug|Any CPU
		{C9FB63FB-9881-42B2-AEED-1D867D176969}.Debug|Any CPU.Build.0 = Debug|Any CPU
		{C9FB63FB-9881-42B2-AEED-1D867D176969}.Debug|x64.ActiveCfg = Debug|Any CPU
		{C9FB63FB-9881-42B2-AEED-1D867D176969}.Debug|x64.Build.0 = Debug|Any CPU
		{C9FB63FB-9881-42B2-AEED-1D867D176969}.Debug|x86.ActiveCfg = Debug|Any CPU
		{C9FB63FB-9881-42B2-AEED-1D867D176969}.Debug|x86.Build.0 = Debug|Any CPU
		{C9FB63FB-9881-42B2-AEED-1D867D176969}.Release|Any CPU.ActiveCfg = Release|Any CPU
		{C9FB63FB-9881-42B2-AEED-1D867D176969}.Release|Any CPU.Build.0 = Release|Any CPU
		{C9FB63FB-9881-42B2-AEED-1D867D176969}.Release|x64.ActiveCfg = Release|Any CPU
		{C9FB63FB-9881-42B2-AEED-1D867D176969}.Release|x64.Build.0 = Release|Any CPU
		{C9FB63FB-9881-42B2-AEED-1D867D176969}.Release|x86.ActiveCfg = Release|Any CPU
		{C9FB63FB-9881-42B2-AEED-1D867D176969}.Release|x86.Build.0 = Release|Any CPU
	EndGlobalSection
	GlobalSection(SolutionProperties) = preSolution
		HideSolutionNode = FALSE
	EndGlobalSection
EndGlobal
